
Microsoft Visual Studio Solution File, Format Version 12.00
# Visual Studio 2013
VisualStudioVersion = 12.0.31101.0
MinimumVisualStudioVersion = 10.0.40219.1
Project("{FAE04EC0-301F-11D3-BF4B-00C04F79EFBC}") = "TabbedPages", "TabbedPages\TabbedPages\TabbedPages.csproj", "{21F2E198-9DB7-428B-82A8-78E22E579ECA}"
EndProject
Project("{FAE04EC0-301F-11D3-BF4B-00C04F79EFBC}") = "TabbedPages.iOS", "TabbedPages\TabbedPages.iOS\TabbedPages.iOS.csproj", "{EBF7CB29-77FC-4E58-AAFA-ECEF5805061C}"
EndProject
Project("{FAE04EC0-301F-11D3-BF4B-00C04F79EFBC}") = "TabbedPages.Droid", "TabbedPages\TabbedPages.Droid\TabbedPages.Droid.csproj", "{ADDA0F35-18F4-4AFA-9CCC-625668A97A23}"
EndProject
Project("{FAE04EC0-301F-11D3-BF4B-00C04F79EFBC}") = "TabbedPages.WinPhone", "TabbedPages\TabbedPages.WinPhone\TabbedPages.WinPhone.csproj", "{F194912A-6A6B-4D8C-AB2F-D13BC1DF4286}"
EndProject
Global
	GlobalSection(SolutionConfigurationPlatforms) = preSolution
		Ad-Hoc|Any CPU = Ad-Hoc|Any CPU
		Ad-Hoc|ARM = Ad-Hoc|ARM
		Ad-Hoc|iPhone = Ad-Hoc|iPhone
		Ad-Hoc|iPhoneSimulator = Ad-Hoc|iPhoneSimulator
		Ad-Hoc|Mixed Platforms = Ad-Hoc|Mixed Platforms
		Ad-Hoc|x86 = Ad-Hoc|x86
		AppStore|Any CPU = AppStore|Any CPU
		AppStore|ARM = AppStore|ARM
		AppStore|iPhone = AppStore|iPhone
		AppStore|iPhoneSimulator = AppStore|iPhoneSimulator
		AppStore|Mixed Platforms = AppStore|Mixed Platforms
		AppStore|x86 = AppStore|x86
		Debug|Any CPU = Debug|Any CPU
		Debug|ARM = Debug|ARM
		Debug|iPhone = Debug|iPhone
		Debug|iPhoneSimulator = Debug|iPhoneSimulator
		Debug|Mixed Platforms = Debug|Mixed Platforms
		Debug|x86 = Debug|x86
		Release|Any CPU = Release|Any CPU
		Release|ARM = Release|ARM
		Release|iPhone = Release|iPhone
		Release|iPhoneSimulator = Release|iPhoneSimulator
		Release|Mixed Platforms = Release|Mixed Platforms
		Release|x86 = Release|x86
	EndGlobalSection
	GlobalSection(ProjectConfigurationPlatforms) = postSolution
		{21F2E198-9DB7-428B-82A8-78E22E579ECA}.Ad-Hoc|Any CPU.ActiveCfg = Release|Any CPU
		{21F2E198-9DB7-428B-82A8-78E22E579ECA}.Ad-Hoc|Any CPU.Build.0 = Release|Any CPU
		{21F2E198-9DB7-428B-82A8-78E22E579ECA}.Ad-Hoc|ARM.ActiveCfg = Release|Any CPU
		{21F2E198-9DB7-428B-82A8-78E22E579ECA}.Ad-Hoc|iPhone.ActiveCfg = Release|Any CPU
		{21F2E198-9DB7-428B-82A8-78E22E579ECA}.Ad-Hoc|iPhoneSimulator.ActiveCfg = Release|Any CPU
		{21F2E198-9DB7-428B-82A8-78E22E579ECA}.Ad-Hoc|Mixed Platforms.ActiveCfg = Release|Any CPU
		{21F2E198-9DB7-428B-82A8-78E22E579ECA}.Ad-Hoc|Mixed Platforms.Build.0 = Release|Any CPU
		{21F2E198-9DB7-428B-82A8-78E22E579ECA}.Ad-Hoc|x86.ActiveCfg = Release|Any CPU
		{21F2E198-9DB7-428B-82A8-78E22E579ECA}.AppStore|Any CPU.ActiveCfg = Release|Any CPU
		{21F2E198-9DB7-428B-82A8-78E22E579ECA}.AppStore|Any CPU.Build.0 = Release|Any CPU
		{21F2E198-9DB7-428B-82A8-78E22E579ECA}.AppStore|ARM.ActiveCfg = Release|Any CPU
		{21F2E198-9DB7-428B-82A8-78E22E579ECA}.AppStore|iPhone.ActiveCfg = Release|Any CPU
		{21F2E198-9DB7-428B-82A8-78E22E579ECA}.AppStore|iPhoneSimulator.ActiveCfg = Release|Any CPU
		{21F2E198-9DB7-428B-82A8-78E22E579ECA}.AppStore|Mixed Platforms.ActiveCfg = Release|Any CPU
		{21F2E198-9DB7-428B-82A8-78E22E579ECA}.AppStore|Mixed Platforms.Build.0 = Release|Any CPU
		{21F2E198-9DB7-428B-82A8-78E22E579ECA}.AppStore|x86.ActiveCfg = Release|Any CPU
		{21F2E198-9DB7-428B-82A8-78E22E579ECA}.Debug|Any CPU.ActiveCfg = Debug|Any CPU
		{21F2E198-9DB7-428B-82A8-78E22E579ECA}.Debug|Any CPU.Build.0 = Debug|Any CPU
		{21F2E198-9DB7-428B-82A8-78E22E579ECA}.Debug|ARM.ActiveCfg = Debug|Any CPU
		{21F2E198-9DB7-428B-82A8-78E22E579ECA}.Debug|iPhone.ActiveCfg = Debug|Any CPU
		{21F2E198-9DB7-428B-82A8-78E22E579ECA}.Debug|iPhoneSimulator.ActiveCfg = Debug|Any CPU
		{21F2E198-9DB7-428B-82A8-78E22E579ECA}.Debug|iPhoneSimulator.Build.0 = Debug|Any CPU
		{21F2E198-9DB7-428B-82A8-78E22E579ECA}.Debug|Mixed Platforms.ActiveCfg = Debug|Any CPU
		{21F2E198-9DB7-428B-82A8-78E22E579ECA}.Debug|Mixed Platforms.Build.0 = Debug|Any CPU
		{21F2E198-9DB7-428B-82A8-78E22E579ECA}.Debug|x86.ActiveCfg = Debug|Any CPU
		{21F2E198-9DB7-428B-82A8-78E22E579ECA}.Release|Any CPU.ActiveCfg = Release|Any CPU
		{21F2E198-9DB7-428B-82A8-78E22E579ECA}.Release|Any CPU.Build.0 = Release|Any CPU
		{21F2E198-9DB7-428B-82A8-78E22E579ECA}.Release|ARM.ActiveCfg = Release|Any CPU
		{21F2E198-9DB7-428B-82A8-78E22E579ECA}.Release|iPhone.ActiveCfg = Release|Any CPU
		{21F2E198-9DB7-428B-82A8-78E22E579ECA}.Release|iPhoneSimulator.ActiveCfg = Release|Any CPU
		{21F2E198-9DB7-428B-82A8-78E22E579ECA}.Release|Mixed Platforms.ActiveCfg = Release|Any CPU
		{21F2E198-9DB7-428B-82A8-78E22E579ECA}.Release|Mixed Platforms.Build.0 = Release|Any CPU
		{21F2E198-9DB7-428B-82A8-78E22E579ECA}.Release|x86.ActiveCfg = Release|Any CPU
		{EBF7CB29-77FC-4E58-AAFA-ECEF5805061C}.Ad-Hoc|Any CPU.ActiveCfg = Ad-Hoc|iPhone
		{EBF7CB29-77FC-4E58-AAFA-ECEF5805061C}.Ad-Hoc|ARM.ActiveCfg = Ad-Hoc|iPhone
		{EBF7CB29-77FC-4E58-AAFA-ECEF5805061C}.Ad-Hoc|iPhone.ActiveCfg = Ad-Hoc|iPhone
		{EBF7CB29-77FC-4E58-AAFA-ECEF5805061C}.Ad-Hoc|iPhone.Build.0 = Ad-Hoc|iPhone
		{EBF7CB29-77FC-4E58-AAFA-ECEF5805061C}.Ad-Hoc|iPhoneSimulator.ActiveCfg = Ad-Hoc|iPhoneSimulator
		{EBF7CB29-77FC-4E58-AAFA-ECEF5805061C}.Ad-Hoc|iPhoneSimulator.Build.0 = Ad-Hoc|iPhoneSimulator
		{EBF7CB29-77FC-4E58-AAFA-ECEF5805061C}.Ad-Hoc|Mixed Platforms.ActiveCfg = Ad-Hoc|iPhone
		{EBF7CB29-77FC-4E58-AAFA-ECEF5805061C}.Ad-Hoc|Mixed Platforms.Build.0 = Ad-Hoc|iPhone
		{EBF7CB29-77FC-4E58-AAFA-ECEF5805061C}.Ad-Hoc|x86.ActiveCfg = Ad-Hoc|iPhone
		{EBF7CB29-77FC-4E58-AAFA-ECEF5805061C}.AppStore|Any CPU.ActiveCfg = AppStore|iPhone
		{EBF7CB29-77FC-4E58-AAFA-ECEF5805061C}.AppStore|ARM.ActiveCfg = AppStore|iPhone
		{EBF7CB29-77FC-4E58-AAFA-ECEF5805061C}.AppStore|iPhone.ActiveCfg = AppStore|iPhone
		{EBF7CB29-77FC-4E58-AAFA-ECEF5805061C}.AppStore|iPhone.Build.0 = AppStore|iPhone
		{EBF7CB29-77FC-4E58-AAFA-ECEF5805061C}.AppStore|iPhoneSimulator.ActiveCfg = AppStore|iPhoneSimulator
		{EBF7CB29-77FC-4E58-AAFA-ECEF5805061C}.AppStore|iPhoneSimulator.Build.0 = AppStore|iPhoneSimulator
		{EBF7CB29-77FC-4E58-AAFA-ECEF5805061C}.AppStore|Mixed Platforms.ActiveCfg = AppStore|iPhone
		{EBF7CB29-77FC-4E58-AAFA-ECEF5805061C}.AppStore|Mixed Platforms.Build.0 = AppStore|iPhone
		{EBF7CB29-77FC-4E58-AAFA-ECEF5805061C}.AppStore|x86.ActiveCfg = AppStore|iPhone
		{EBF7CB29-77FC-4E58-AAFA-ECEF5805061C}.Debug|Any CPU.ActiveCfg = Debug|iPhone
		{EBF7CB29-77FC-4E58-AAFA-ECEF5805061C}.Debug|ARM.ActiveCfg = Debug|iPhone
		{EBF7CB29-77FC-4E58-AAFA-ECEF5805061C}.Debug|iPhone.ActiveCfg = Debug|iPhone
		{EBF7CB29-77FC-4E58-AAFA-ECEF5805061C}.Debug|iPhone.Build.0 = Debug|iPhone
		{EBF7CB29-77FC-4E58-AAFA-ECEF5805061C}.Debug|iPhoneSimulator.ActiveCfg = Debug|iPhoneSimulator
		{EBF7CB29-77FC-4E58-AAFA-ECEF5805061C}.Debug|iPhoneSimulator.Build.0 = Debug|iPhoneSimulator
		{EBF7CB29-77FC-4E58-AAFA-ECEF5805061C}.Debug|Mixed Platforms.ActiveCfg = Debug|iPhone
		{EBF7CB29-77FC-4E58-AAFA-ECEF5805061C}.Debug|Mixed Platforms.Build.0 = Debug|iPhone
		{EBF7CB29-77FC-4E58-AAFA-ECEF5805061C}.Debug|x86.ActiveCfg = Debug|iPhone
		{EBF7CB29-77FC-4E58-AAFA-ECEF5805061C}.Release|Any CPU.ActiveCfg = Release|iPhone
		{EBF7CB29-77FC-4E58-AAFA-ECEF5805061C}.Release|ARM.ActiveCfg = Release|iPhone
		{EBF7CB29-77FC-4E58-AAFA-ECEF5805061C}.Release|iPhone.ActiveCfg = Release|iPhone
		{EBF7CB29-77FC-4E58-AAFA-ECEF5805061C}.Release|iPhone.Build.0 = Release|iPhone
		{EBF7CB29-77FC-4E58-AAFA-ECEF5805061C}.Release|iPhoneSimulator.ActiveCfg = Release|iPhoneSimulator
		{EBF7CB29-77FC-4E58-AAFA-ECEF5805061C}.Release|iPhoneSimulator.Build.0 = Release|iPhoneSimulator
		{EBF7CB29-77FC-4E58-AAFA-ECEF5805061C}.Release|Mixed Platforms.ActiveCfg = Release|iPhone
		{EBF7CB29-77FC-4E58-AAFA-ECEF5805061C}.Release|Mixed Platforms.Build.0 = Release|iPhone
		{EBF7CB29-77FC-4E58-AAFA-ECEF5805061C}.Release|x86.ActiveCfg = Release|iPhone
		{ADDA0F35-18F4-4AFA-9CCC-625668A97A23}.Ad-Hoc|Any CPU.ActiveCfg = Release|Any CPU
		{ADDA0F35-18F4-4AFA-9CCC-625668A97A23}.Ad-Hoc|Any CPU.Build.0 = Release|Any CPU
		{ADDA0F35-18F4-4AFA-9CCC-625668A97A23}.Ad-Hoc|Any CPU.Deploy.0 = Release|Any CPU
		{ADDA0F35-18F4-4AFA-9CCC-625668A97A23}.Ad-Hoc|ARM.ActiveCfg = Release|Any CPU
		{ADDA0F35-18F4-4AFA-9CCC-625668A97A23}.Ad-Hoc|iPhone.ActiveCfg = Release|Any CPU
		{ADDA0F35-18F4-4AFA-9CCC-625668A97A23}.Ad-Hoc|iPhoneSimulator.ActiveCfg = Release|Any CPU
		{ADDA0F35-18F4-4AFA-9CCC-625668A97A23}.Ad-Hoc|Mixed Platforms.ActiveCfg = Release|Any CPU
		{ADDA0F35-18F4-4AFA-9CCC-625668A97A23}.Ad-Hoc|Mixed Platforms.Build.0 = Release|Any CPU
		{ADDA0F35-18F4-4AFA-9CCC-625668A97A23}.Ad-Hoc|Mixed Platforms.Deploy.0 = Release|Any CPU
		{ADDA0F35-18F4-4AFA-9CCC-625668A97A23}.Ad-Hoc|x86.ActiveCfg = Release|Any CPU
		{ADDA0F35-18F4-4AFA-9CCC-625668A97A23}.AppStore|Any CPU.ActiveCfg = Release|Any CPU
		{ADDA0F35-18F4-4AFA-9CCC-625668A97A23}.AppStore|Any CPU.Build.0 = Release|Any CPU
		{ADDA0F35-18F4-4AFA-9CCC-625668A97A23}.AppStore|Any CPU.Deploy.0 = Release|Any CPU
		{ADDA0F35-18F4-4AFA-9CCC-625668A97A23}.AppStore|ARM.ActiveCfg = Release|Any CPU
		{ADDA0F35-18F4-4AFA-9CCC-625668A97A23}.AppStore|iPhone.ActiveCfg = Release|Any CPU
		{ADDA0F35-18F4-4AFA-9CCC-625668A97A23}.AppStore|iPhoneSimulator.ActiveCfg = Release|Any CPU
		{ADDA0F35-18F4-4AFA-9CCC-625668A97A23}.AppStore|Mixed Platforms.ActiveCfg = Release|Any CPU
		{ADDA0F35-18F4-4AFA-9CCC-625668A97A23}.AppStore|Mixed Platforms.Build.0 = Release|Any CPU
		{ADDA0F35-18F4-4AFA-9CCC-625668A97A23}.AppStore|Mixed Platforms.Deploy.0 = Release|Any CPU
		{ADDA0F35-18F4-4AFA-9CCC-625668A97A23}.AppStore|x86.ActiveCfg = Release|Any CPU
		{ADDA0F35-18F4-4AFA-9CCC-625668A97A23}.Debug|Any CPU.ActiveCfg = Debug|Any CPU
		{ADDA0F35-18F4-4AFA-9CCC-625668A97A23}.Debug|Any CPU.Build.0 = Debug|Any CPU
		{ADDA0F35-18F4-4AFA-9CCC-625668A97A23}.Debug|Any CPU.Deploy.0 = Debug|Any CPU
		{ADDA0F35-18F4-4AFA-9CCC-625668A97A23}.Debug|ARM.ActiveCfg = Debug|Any CPU
		{ADDA0F35-18F4-4AFA-9CCC-625668A97A23}.Debug|iPhone.ActiveCfg = Debug|Any CPU
		{ADDA0F35-18F4-4AFA-9CCC-625668A97A23}.Debug|iPhoneSimulator.ActiveCfg = Debug|Any CPU
		{ADDA0F35-18F4-4AFA-9CCC-625668A97A23}.Debug|Mixed Platforms.ActiveCfg = Debug|Any CPU
		{ADDA0F35-18F4-4AFA-9CCC-625668A97A23}.Debug|Mixed Platforms.Build.0 = Debug|Any CPU
		{ADDA0F35-18F4-4AFA-9CCC-625668A97A23}.Debug|Mixed Platforms.Deploy.0 = Debug|Any CPU
		{ADDA0F35-18F4-4AFA-9CCC-625668A97A23}.Debug|x86.ActiveCfg = Debug|Any CPU
		{ADDA0F35-18F4-4AFA-9CCC-625668A97A23}.Release|Any CPU.ActiveCfg = Release|Any CPU
		{ADDA0F35-18F4-4AFA-9CCC-625668A97A23}.Release|Any CPU.Build.0 = Release|Any CPU
		{ADDA0F35-18F4-4AFA-9CCC-625668A97A23}.Release|Any CPU.Deploy.0 = Release|Any CPU
		{ADDA0F35-18F4-4AFA-9CCC-625668A97A23}.Release|ARM.ActiveCfg = Release|Any CPU
		{ADDA0F35-18F4-4AFA-9CCC-625668A97A23}.Release|iPhone.ActiveCfg = Release|Any CPU
		{ADDA0F35-18F4-4AFA-9CCC-625668A97A23}.Release|iPhoneSimulator.ActiveCfg = Release|Any CPU
		{ADDA0F35-18F4-4AFA-9CCC-625668A97A23}.Release|Mixed Platforms.ActiveCfg = Release|Any CPU
		{ADDA0F35-18F4-4AFA-9CCC-625668A97A23}.Release|Mixed Platforms.Build.0 = Release|Any CPU
		{ADDA0F35-18F4-4AFA-9CCC-625668A97A23}.Release|Mixed Platforms.Deploy.0 = Release|Any CPU
		{ADDA0F35-18F4-4AFA-9CCC-625668A97A23}.Release|x86.ActiveCfg = Release|Any CPU
		{F194912A-6A6B-4D8C-AB2F-D13BC1DF4286}.Ad-Hoc|Any CPU.ActiveCfg = Release|Any CPU
		{F194912A-6A6B-4D8C-AB2F-D13BC1DF4286}.Ad-Hoc|Any CPU.Build.0 = Release|Any CPU
		{F194912A-6A6B-4D8C-AB2F-D13BC1DF4286}.Ad-Hoc|Any CPU.Deploy.0 = Release|Any CPU
		{F194912A-6A6B-4D8C-AB2F-D13BC1DF4286}.Ad-Hoc|ARM.ActiveCfg = Release|ARM
		{F194912A-6A6B-4D8C-AB2F-D13BC1DF4286}.Ad-Hoc|ARM.Build.0 = Release|ARM
		{F194912A-6A6B-4D8C-AB2F-D13BC1DF4286}.Ad-Hoc|ARM.Deploy.0 = Release|ARM
		{F194912A-6A6B-4D8C-AB2F-D13BC1DF4286}.Ad-Hoc|iPhone.ActiveCfg = Release|Any CPU
		{F194912A-6A6B-4D8C-AB2F-D13BC1DF4286}.Ad-Hoc|iPhoneSimulator.ActiveCfg = Release|Any CPU
		{F194912A-6A6B-4D8C-AB2F-D13BC1DF4286}.Ad-Hoc|Mixed Platforms.ActiveCfg = Release|x86
		{F194912A-6A6B-4D8C-AB2F-D13BC1DF4286}.Ad-Hoc|Mixed Platforms.Build.0 = Release|x86
		{F194912A-6A6B-4D8C-AB2F-D13BC1DF4286}.Ad-Hoc|Mixed Platforms.Deploy.0 = Release|x86
		{F194912A-6A6B-4D8C-AB2F-D13BC1DF4286}.Ad-Hoc|x86.ActiveCfg = Release|x86
		{F194912A-6A6B-4D8C-AB2F-D13BC1DF4286}.Ad-Hoc|x86.Build.0 = Release|x86
		{F194912A-6A6B-4D8C-AB2F-D13BC1DF4286}.Ad-Hoc|x86.Deploy.0 = Release|x86
		{F194912A-6A6B-4D8C-AB2F-D13BC1DF4286}.AppStore|Any CPU.ActiveCfg = Release|Any CPU
		{F194912A-6A6B-4D8C-AB2F-D13BC1DF4286}.AppStore|Any CPU.Build.0 = Release|Any CPU
		{F194912A-6A6B-4D8C-AB2F-D13BC1DF4286}.AppStore|Any CPU.Deploy.0 = Release|Any CPU
		{F194912A-6A6B-4D8C-AB2F-D13BC1DF4286}.AppStore|ARM.ActiveCfg = Release|ARM
		{F194912A-6A6B-4D8C-AB2F-D13BC1DF4286}.AppStore|ARM.Build.0 = Release|ARM
		{F194912A-6A6B-4D8C-AB2F-D13BC1DF4286}.AppStore|ARM.Deploy.0 = Release|ARM
		{F194912A-6A6B-4D8C-AB2F-D13BC1DF4286}.AppStore|iPhone.ActiveCfg = Release|Any CPU
		{F194912A-6A6B-4D8C-AB2F-D13BC1DF4286}.AppStore|iPhoneSimulator.ActiveCfg = Release|Any CPU
		{F194912A-6A6B-4D8C-AB2F-D13BC1DF4286}.AppStore|Mixed Platforms.ActiveCfg = Release|x86
		{F194912A-6A6B-4D8C-AB2F-D13BC1DF4286}.AppStore|Mixed Platforms.Build.0 = Release|x86
		{F194912A-6A6B-4D8C-AB2F-D13BC1DF4286}.AppStore|Mixed Platforms.Deploy.0 = Release|x86
		{F194912A-6A6B-4D8C-AB2F-D13BC1DF4286}.AppStore|x86.ActiveCfg = Release|x86
		{F194912A-6A6B-4D8C-AB2F-D13BC1DF4286}.AppStore|x86.Build.0 = Release|x86
		{F194912A-6A6B-4D8C-AB2F-D13BC1DF4286}.AppStore|x86.Deploy.0 = Release|x86
		{F194912A-6A6B-4D8C-AB2F-D13BC1DF4286}.Debug|Any CPU.ActiveCfg = Debug|Any CPU
		{F194912A-6A6B-4D8C-AB2F-D13BC1DF4286}.Debug|Any CPU.Build.0 = Debug|Any CPU
		{F194912A-6A6B-4D8C-AB2F-D13BC1DF4286}.Debug|Any CPU.Deploy.0 = Debug|Any CPU
		{F194912A-6A6B-4D8C-AB2F-D13BC1DF4286}.Debug|ARM.ActiveCfg = Debug|ARM
		{F194912A-6A6B-4D8C-AB2F-D13BC1DF4286}.Debug|ARM.Build.0 = Debug|ARM
		{F194912A-6A6B-4D8C-AB2F-D13BC1DF4286}.Debug|ARM.Deploy.0 = Debug|ARM
		{F194912A-6A6B-4D8C-AB2F-D13BC1DF4286}.Debug|iPhone.ActiveCfg = Debug|Any CPU
		{F194912A-6A6B-4D8C-AB2F-D13BC1DF4286}.Debug|iPhoneSimulator.ActiveCfg = Debug|Any CPU
		{F194912A-6A6B-4D8C-AB2F-D13BC1DF4286}.Debug|Mixed Platforms.ActiveCfg = Debug|x86
		{F194912A-6A6B-4D8C-AB2F-D13BC1DF4286}.Debug|Mixed Platforms.Build.0 = Debug|x86
		{F194912A-6A6B-4D8C-AB2F-D13BC1DF4286}.Debug|Mixed Platforms.Deploy.0 = Debug|x86
		{F194912A-6A6B-4D8C-AB2F-D13BC1DF4286}.Debug|x86.ActiveCfg = Debug|x86
		{F194912A-6A6B-4D8C-AB2F-D13BC1DF4286}.Debug|x86.Build.0 = Debug|x86
		{F194912A-6A6B-4D8C-AB2F-D13BC1DF4286}.Debug|x86.Deploy.0 = Debug|x86
		{F194912A-6A6B-4D8C-AB2F-D13BC1DF4286}.Release|Any CPU.ActiveCfg = Release|Any CPU
		{F194912A-6A6B-4D8C-AB2F-D13BC1DF4286}.Release|Any CPU.Build.0 = Release|Any CPU
		{F194912A-6A6B-4D8C-AB2F-D13BC1DF4286}.Release|Any CPU.Deploy.0 = Release|Any CPU
		{F194912A-6A6B-4D8C-AB2F-D13BC1DF4286}.Release|ARM.ActiveCfg = Release|ARM
		{F194912A-6A6B-4D8C-AB2F-D13BC1DF4286}.Release|ARM.Build.0 = Release|ARM
		{F194912A-6A6B-4D8C-AB2F-D13BC1DF4286}.Release|ARM.Deploy.0 = Release|ARM
		{F194912A-6A6B-4D8C-AB2F-D13BC1DF4286}.Release|iPhone.ActiveCfg = Release|Any CPU
		{F194912A-6A6B-4D8C-AB2F-D13BC1DF4286}.Release|iPhoneSimulator.ActiveCfg = Release|Any CPU
		{F194912A-6A6B-4D8C-AB2F-D13BC1DF4286}.Release|Mixed Platforms.ActiveCfg = Release|x86
		{F194912A-6A6B-4D8C-AB2F-D13BC1DF4286}.Release|Mixed Platforms.Build.0 = Release|x86
		{F194912A-6A6B-4D8C-AB2F-D13BC1DF4286}.Release|Mixed Platforms.Deploy.0 = Release|x86
		{F194912A-6A6B-4D8C-AB2F-D13BC1DF4286}.Release|x86.ActiveCfg = Release|x86
		{F194912A-6A6B-4D8C-AB2F-D13BC1DF4286}.Release|x86.Build.0 = Release|x86
		{F194912A-6A6B-4D8C-AB2F-D13BC1DF4286}.Release|x86.Deploy.0 = Release|x86
	EndGlobalSection
	GlobalSection(SolutionProperties) = preSolution
		HideSolutionNode = FALSE
	EndGlobalSection
EndGlobal
