
Microsoft Visual Studio Solution File, Format Version 12.00
# Visual Studio 2013
VisualStudioVersion = 12.0.31101.0
MinimumVisualStudioVersion = 10.0.40219.1
Project("{FAE04EC0-301F-11D3-BF4B-00C04F79EFBC}") = "Switchboard", "Switchboard\Switchboard\Switchboard.csproj", "{B7C7D935-D7A5-4E9B-9537-5E6A934140A6}"
EndProject
Project("{FAE04EC0-301F-11D3-BF4B-00C04F79EFBC}") = "Switchboard.iOS", "Switchboard\Switchboard.iOS\Switchboard.iOS.csproj", "{D402F925-0D40-4D4A-AC27-6FBD2AA56000}"
EndProject
Project("{FAE04EC0-301F-11D3-BF4B-00C04F79EFBC}") = "Switchboard.Droid", "Switchboard\Switchboard.Droid\Switchboard.Droid.csproj", "{780D496E-8F00-4EA3-943C-37778DE2741A}"
EndProject
Project("{FAE04EC0-301F-11D3-BF4B-00C04F79EFBC}") = "Switchboard.WinPhone", "Switchboard\Switchboard.WinPhone\Switchboard.WinPhone.csproj", "{B17FF93E-F134-4A0A-B5C2-B0110598E704}"
EndProject
Global
	GlobalSection(SolutionConfigurationPlatforms) = preSolution
		Ad-Hoc|Any CPU = Ad-Hoc|Any CPU
		Ad-Hoc|ARM = Ad-Hoc|ARM
		Ad-Hoc|iPhone = Ad-Hoc|iPhone
		Ad-Hoc|iPhoneSimulator = Ad-Hoc|iPhoneSimulator
		Ad-Hoc|Mixed Platforms = Ad-Hoc|Mixed Platforms
		Ad-Hoc|x86 = Ad-Hoc|x86
		AppStore|Any CPU = AppStore|Any CPU
		AppStore|ARM = AppStore|ARM
		AppStore|iPhone = AppStore|iPhone
		AppStore|iPhoneSimulator = AppStore|iPhoneSimulator
		AppStore|Mixed Platforms = AppStore|Mixed Platforms
		AppStore|x86 = AppStore|x86
		Debug|Any CPU = Debug|Any CPU
		Debug|ARM = Debug|ARM
		Debug|iPhone = Debug|iPhone
		Debug|iPhoneSimulator = Debug|iPhoneSimulator
		Debug|Mixed Platforms = Debug|Mixed Platforms
		Debug|x86 = Debug|x86
		Release|Any CPU = Release|Any CPU
		Release|ARM = Release|ARM
		Release|iPhone = Release|iPhone
		Release|iPhoneSimulator = Release|iPhoneSimulator
		Release|Mixed Platforms = Release|Mixed Platforms
		Release|x86 = Release|x86
	EndGlobalSection
	GlobalSection(ProjectConfigurationPlatforms) = postSolution
		{B7C7D935-D7A5-4E9B-9537-5E6A934140A6}.Ad-Hoc|Any CPU.ActiveCfg = Release|Any CPU
		{B7C7D935-D7A5-4E9B-9537-5E6A934140A6}.Ad-Hoc|Any CPU.Build.0 = Release|Any CPU
		{B7C7D935-D7A5-4E9B-9537-5E6A934140A6}.Ad-Hoc|ARM.ActiveCfg = Release|Any CPU
		{B7C7D935-D7A5-4E9B-9537-5E6A934140A6}.Ad-Hoc|iPhone.ActiveCfg = Release|Any CPU
		{B7C7D935-D7A5-4E9B-9537-5E6A934140A6}.Ad-Hoc|iPhoneSimulator.ActiveCfg = Release|Any CPU
		{B7C7D935-D7A5-4E9B-9537-5E6A934140A6}.Ad-Hoc|Mixed Platforms.ActiveCfg = Release|Any CPU
		{B7C7D935-D7A5-4E9B-9537-5E6A934140A6}.Ad-Hoc|Mixed Platforms.Build.0 = Release|Any CPU
		{B7C7D935-D7A5-4E9B-9537-5E6A934140A6}.Ad-Hoc|x86.ActiveCfg = Release|Any CPU
		{B7C7D935-D7A5-4E9B-9537-5E6A934140A6}.AppStore|Any CPU.ActiveCfg = Release|Any CPU
		{B7C7D935-D7A5-4E9B-9537-5E6A934140A6}.AppStore|Any CPU.Build.0 = Release|Any CPU
		{B7C7D935-D7A5-4E9B-9537-5E6A934140A6}.AppStore|ARM.ActiveCfg = Release|Any CPU
		{B7C7D935-D7A5-4E9B-9537-5E6A934140A6}.AppStore|iPhone.ActiveCfg = Release|Any CPU
		{B7C7D935-D7A5-4E9B-9537-5E6A934140A6}.AppStore|iPhoneSimulator.ActiveCfg = Release|Any CPU
		{B7C7D935-D7A5-4E9B-9537-5E6A934140A6}.AppStore|Mixed Platforms.ActiveCfg = Release|Any CPU
		{B7C7D935-D7A5-4E9B-9537-5E6A934140A6}.AppStore|Mixed Platforms.Build.0 = Release|Any CPU
		{B7C7D935-D7A5-4E9B-9537-5E6A934140A6}.AppStore|x86.ActiveCfg = Release|Any CPU
		{B7C7D935-D7A5-4E9B-9537-5E6A934140A6}.Debug|Any CPU.ActiveCfg = Debug|Any CPU
		{B7C7D935-D7A5-4E9B-9537-5E6A934140A6}.Debug|Any CPU.Build.0 = Debug|Any CPU
		{B7C7D935-D7A5-4E9B-9537-5E6A934140A6}.Debug|ARM.ActiveCfg = Debug|Any CPU
		{B7C7D935-D7A5-4E9B-9537-5E6A934140A6}.Debug|iPhone.ActiveCfg = Debug|Any CPU
		{B7C7D935-D7A5-4E9B-9537-5E6A934140A6}.Debug|iPhoneSimulator.ActiveCfg = Debug|Any CPU
		{B7C7D935-D7A5-4E9B-9537-5E6A934140A6}.Debug|iPhoneSimulator.Build.0 = Debug|Any CPU
		{B7C7D935-D7A5-4E9B-9537-5E6A934140A6}.Debug|Mixed Platforms.ActiveCfg = Debug|Any CPU
		{B7C7D935-D7A5-4E9B-9537-5E6A934140A6}.Debug|Mixed Platforms.Build.0 = Debug|Any CPU
		{B7C7D935-D7A5-4E9B-9537-5E6A934140A6}.Debug|x86.ActiveCfg = Debug|Any CPU
		{B7C7D935-D7A5-4E9B-9537-5E6A934140A6}.Release|Any CPU.ActiveCfg = Release|Any CPU
		{B7C7D935-D7A5-4E9B-9537-5E6A934140A6}.Release|Any CPU.Build.0 = Release|Any CPU
		{B7C7D935-D7A5-4E9B-9537-5E6A934140A6}.Release|ARM.ActiveCfg = Release|Any CPU
		{B7C7D935-D7A5-4E9B-9537-5E6A934140A6}.Release|iPhone.ActiveCfg = Release|Any CPU
		{B7C7D935-D7A5-4E9B-9537-5E6A934140A6}.Release|iPhoneSimulator.ActiveCfg = Release|Any CPU
		{B7C7D935-D7A5-4E9B-9537-5E6A934140A6}.Release|Mixed Platforms.ActiveCfg = Release|Any CPU
		{B7C7D935-D7A5-4E9B-9537-5E6A934140A6}.Release|Mixed Platforms.Build.0 = Release|Any CPU
		{B7C7D935-D7A5-4E9B-9537-5E6A934140A6}.Release|x86.ActiveCfg = Release|Any CPU
		{D402F925-0D40-4D4A-AC27-6FBD2AA56000}.Ad-Hoc|Any CPU.ActiveCfg = Ad-Hoc|iPhone
		{D402F925-0D40-4D4A-AC27-6FBD2AA56000}.Ad-Hoc|ARM.ActiveCfg = Ad-Hoc|iPhone
		{D402F925-0D40-4D4A-AC27-6FBD2AA56000}.Ad-Hoc|iPhone.ActiveCfg = Ad-Hoc|iPhone
		{D402F925-0D40-4D4A-AC27-6FBD2AA56000}.Ad-Hoc|iPhone.Build.0 = Ad-Hoc|iPhone
		{D402F925-0D40-4D4A-AC27-6FBD2AA56000}.Ad-Hoc|iPhoneSimulator.ActiveCfg = Ad-Hoc|iPhoneSimulator
		{D402F925-0D40-4D4A-AC27-6FBD2AA56000}.Ad-Hoc|iPhoneSimulator.Build.0 = Ad-Hoc|iPhoneSimulator
		{D402F925-0D40-4D4A-AC27-6FBD2AA56000}.Ad-Hoc|Mixed Platforms.ActiveCfg = Ad-Hoc|iPhone
		{D402F925-0D40-4D4A-AC27-6FBD2AA56000}.Ad-Hoc|Mixed Platforms.Build.0 = Ad-Hoc|iPhone
		{D402F925-0D40-4D4A-AC27-6FBD2AA56000}.Ad-Hoc|x86.ActiveCfg = Ad-Hoc|iPhone
		{D402F925-0D40-4D4A-AC27-6FBD2AA56000}.AppStore|Any CPU.ActiveCfg = AppStore|iPhone
		{D402F925-0D40-4D4A-AC27-6FBD2AA56000}.AppStore|ARM.ActiveCfg = AppStore|iPhone
		{D402F925-0D40-4D4A-AC27-6FBD2AA56000}.AppStore|iPhone.ActiveCfg = AppStore|iPhone
		{D402F925-0D40-4D4A-AC27-6FBD2AA56000}.AppStore|iPhone.Build.0 = AppStore|iPhone
		{D402F925-0D40-4D4A-AC27-6FBD2AA56000}.AppStore|iPhoneSimulator.ActiveCfg = AppStore|iPhoneSimulator
		{D402F925-0D40-4D4A-AC27-6FBD2AA56000}.AppStore|iPhoneSimulator.Build.0 = AppStore|iPhoneSimulator
		{D402F925-0D40-4D4A-AC27-6FBD2AA56000}.AppStore|Mixed Platforms.ActiveCfg = AppStore|iPhone
		{D402F925-0D40-4D4A-AC27-6FBD2AA56000}.AppStore|Mixed Platforms.Build.0 = AppStore|iPhone
		{D402F925-0D40-4D4A-AC27-6FBD2AA56000}.AppStore|x86.ActiveCfg = AppStore|iPhone
		{D402F925-0D40-4D4A-AC27-6FBD2AA56000}.Debug|Any CPU.ActiveCfg = Debug|iPhone
		{D402F925-0D40-4D4A-AC27-6FBD2AA56000}.Debug|ARM.ActiveCfg = Debug|iPhone
		{D402F925-0D40-4D4A-AC27-6FBD2AA56000}.Debug|iPhone.ActiveCfg = Debug|iPhone
		{D402F925-0D40-4D4A-AC27-6FBD2AA56000}.Debug|iPhone.Build.0 = Debug|iPhone
		{D402F925-0D40-4D4A-AC27-6FBD2AA56000}.Debug|iPhoneSimulator.ActiveCfg = Debug|iPhoneSimulator
		{D402F925-0D40-4D4A-AC27-6FBD2AA56000}.Debug|iPhoneSimulator.Build.0 = Debug|iPhoneSimulator
		{D402F925-0D40-4D4A-AC27-6FBD2AA56000}.Debug|Mixed Platforms.ActiveCfg = Debug|iPhone
		{D402F925-0D40-4D4A-AC27-6FBD2AA56000}.Debug|Mixed Platforms.Build.0 = Debug|iPhone
		{D402F925-0D40-4D4A-AC27-6FBD2AA56000}.Debug|x86.ActiveCfg = Debug|iPhone
		{D402F925-0D40-4D4A-AC27-6FBD2AA56000}.Release|Any CPU.ActiveCfg = Release|iPhone
		{D402F925-0D40-4D4A-AC27-6FBD2AA56000}.Release|ARM.ActiveCfg = Release|iPhone
		{D402F925-0D40-4D4A-AC27-6FBD2AA56000}.Release|iPhone.ActiveCfg = Release|iPhone
		{D402F925-0D40-4D4A-AC27-6FBD2AA56000}.Release|iPhone.Build.0 = Release|iPhone
		{D402F925-0D40-4D4A-AC27-6FBD2AA56000}.Release|iPhoneSimulator.ActiveCfg = Release|iPhoneSimulator
		{D402F925-0D40-4D4A-AC27-6FBD2AA56000}.Release|iPhoneSimulator.Build.0 = Release|iPhoneSimulator
		{D402F925-0D40-4D4A-AC27-6FBD2AA56000}.Release|Mixed Platforms.ActiveCfg = Release|iPhone
		{D402F925-0D40-4D4A-AC27-6FBD2AA56000}.Release|Mixed Platforms.Build.0 = Release|iPhone
		{D402F925-0D40-4D4A-AC27-6FBD2AA56000}.Release|x86.ActiveCfg = Release|iPhone
		{780D496E-8F00-4EA3-943C-37778DE2741A}.Ad-Hoc|Any CPU.ActiveCfg = Release|Any CPU
		{780D496E-8F00-4EA3-943C-37778DE2741A}.Ad-Hoc|Any CPU.Build.0 = Release|Any CPU
		{780D496E-8F00-4EA3-943C-37778DE2741A}.Ad-Hoc|Any CPU.Deploy.0 = Release|Any CPU
		{780D496E-8F00-4EA3-943C-37778DE2741A}.Ad-Hoc|ARM.ActiveCfg = Release|Any CPU
		{780D496E-8F00-4EA3-943C-37778DE2741A}.Ad-Hoc|iPhone.ActiveCfg = Release|Any CPU
		{780D496E-8F00-4EA3-943C-37778DE2741A}.Ad-Hoc|iPhoneSimulator.ActiveCfg = Release|Any CPU
		{780D496E-8F00-4EA3-943C-37778DE2741A}.Ad-Hoc|Mixed Platforms.ActiveCfg = Release|Any CPU
		{780D496E-8F00-4EA3-943C-37778DE2741A}.Ad-Hoc|Mixed Platforms.Build.0 = Release|Any CPU
		{780D496E-8F00-4EA3-943C-37778DE2741A}.Ad-Hoc|Mixed Platforms.Deploy.0 = Release|Any CPU
		{780D496E-8F00-4EA3-943C-37778DE2741A}.Ad-Hoc|x86.ActiveCfg = Release|Any CPU
		{780D496E-8F00-4EA3-943C-37778DE2741A}.AppStore|Any CPU.ActiveCfg = Release|Any CPU
		{780D496E-8F00-4EA3-943C-37778DE2741A}.AppStore|Any CPU.Build.0 = Release|Any CPU
		{780D496E-8F00-4EA3-943C-37778DE2741A}.AppStore|Any CPU.Deploy.0 = Release|Any CPU
		{780D496E-8F00-4EA3-943C-37778DE2741A}.AppStore|ARM.ActiveCfg = Release|Any CPU
		{780D496E-8F00-4EA3-943C-37778DE2741A}.AppStore|iPhone.ActiveCfg = Release|Any CPU
		{780D496E-8F00-4EA3-943C-37778DE2741A}.AppStore|iPhoneSimulator.ActiveCfg = Release|Any CPU
		{780D496E-8F00-4EA3-943C-37778DE2741A}.AppStore|Mixed Platforms.ActiveCfg = Release|Any CPU
		{780D496E-8F00-4EA3-943C-37778DE2741A}.AppStore|Mixed Platforms.Build.0 = Release|Any CPU
		{780D496E-8F00-4EA3-943C-37778DE2741A}.AppStore|Mixed Platforms.Deploy.0 = Release|Any CPU
		{780D496E-8F00-4EA3-943C-37778DE2741A}.AppStore|x86.ActiveCfg = Release|Any CPU
		{780D496E-8F00-4EA3-943C-37778DE2741A}.Debug|Any CPU.ActiveCfg = Debug|Any CPU
		{780D496E-8F00-4EA3-943C-37778DE2741A}.Debug|Any CPU.Build.0 = Debug|Any CPU
		{780D496E-8F00-4EA3-943C-37778DE2741A}.Debug|Any CPU.Deploy.0 = Debug|Any CPU
		{780D496E-8F00-4EA3-943C-37778DE2741A}.Debug|ARM.ActiveCfg = Debug|Any CPU
		{780D496E-8F00-4EA3-943C-37778DE2741A}.Debug|iPhone.ActiveCfg = Debug|Any CPU
		{780D496E-8F00-4EA3-943C-37778DE2741A}.Debug|iPhoneSimulator.ActiveCfg = Debug|Any CPU
		{780D496E-8F00-4EA3-943C-37778DE2741A}.Debug|Mixed Platforms.ActiveCfg = Debug|Any CPU
		{780D496E-8F00-4EA3-943C-37778DE2741A}.Debug|Mixed Platforms.Build.0 = Debug|Any CPU
		{780D496E-8F00-4EA3-943C-37778DE2741A}.Debug|Mixed Platforms.Deploy.0 = Debug|Any CPU
		{780D496E-8F00-4EA3-943C-37778DE2741A}.Debug|x86.ActiveCfg = Debug|Any CPU
		{780D496E-8F00-4EA3-943C-37778DE2741A}.Release|Any CPU.ActiveCfg = Release|Any CPU
		{780D496E-8F00-4EA3-943C-37778DE2741A}.Release|Any CPU.Build.0 = Release|Any CPU
		{780D496E-8F00-4EA3-943C-37778DE2741A}.Release|Any CPU.Deploy.0 = Release|Any CPU
		{780D496E-8F00-4EA3-943C-37778DE2741A}.Release|ARM.ActiveCfg = Release|Any CPU
		{780D496E-8F00-4EA3-943C-37778DE2741A}.Release|iPhone.ActiveCfg = Release|Any CPU
		{780D496E-8F00-4EA3-943C-37778DE2741A}.Release|iPhoneSimulator.ActiveCfg = Release|Any CPU
		{780D496E-8F00-4EA3-943C-37778DE2741A}.Release|Mixed Platforms.ActiveCfg = Release|Any CPU
		{780D496E-8F00-4EA3-943C-37778DE2741A}.Release|Mixed Platforms.Build.0 = Release|Any CPU
		{780D496E-8F00-4EA3-943C-37778DE2741A}.Release|Mixed Platforms.Deploy.0 = Release|Any CPU
		{780D496E-8F00-4EA3-943C-37778DE2741A}.Release|x86.ActiveCfg = Release|Any CPU
		{B17FF93E-F134-4A0A-B5C2-B0110598E704}.Ad-Hoc|Any CPU.ActiveCfg = Release|Any CPU
		{B17FF93E-F134-4A0A-B5C2-B0110598E704}.Ad-Hoc|Any CPU.Build.0 = Release|Any CPU
		{B17FF93E-F134-4A0A-B5C2-B0110598E704}.Ad-Hoc|Any CPU.Deploy.0 = Release|Any CPU
		{B17FF93E-F134-4A0A-B5C2-B0110598E704}.Ad-Hoc|ARM.ActiveCfg = Release|ARM
		{B17FF93E-F134-4A0A-B5C2-B0110598E704}.Ad-Hoc|ARM.Build.0 = Release|ARM
		{B17FF93E-F134-4A0A-B5C2-B0110598E704}.Ad-Hoc|ARM.Deploy.0 = Release|ARM
		{B17FF93E-F134-4A0A-B5C2-B0110598E704}.Ad-Hoc|iPhone.ActiveCfg = Release|Any CPU
		{B17FF93E-F134-4A0A-B5C2-B0110598E704}.Ad-Hoc|iPhoneSimulator.ActiveCfg = Release|Any CPU
		{B17FF93E-F134-4A0A-B5C2-B0110598E704}.Ad-Hoc|Mixed Platforms.ActiveCfg = Release|x86
		{B17FF93E-F134-4A0A-B5C2-B0110598E704}.Ad-Hoc|Mixed Platforms.Build.0 = Release|x86
		{B17FF93E-F134-4A0A-B5C2-B0110598E704}.Ad-Hoc|Mixed Platforms.Deploy.0 = Release|x86
		{B17FF93E-F134-4A0A-B5C2-B0110598E704}.Ad-Hoc|x86.ActiveCfg = Release|x86
		{B17FF93E-F134-4A0A-B5C2-B0110598E704}.Ad-Hoc|x86.Build.0 = Release|x86
		{B17FF93E-F134-4A0A-B5C2-B0110598E704}.Ad-Hoc|x86.Deploy.0 = Release|x86
		{B17FF93E-F134-4A0A-B5C2-B0110598E704}.AppStore|Any CPU.ActiveCfg = Release|Any CPU
		{B17FF93E-F134-4A0A-B5C2-B0110598E704}.AppStore|Any CPU.Build.0 = Release|Any CPU
		{B17FF93E-F134-4A0A-B5C2-B0110598E704}.AppStore|Any CPU.Deploy.0 = Release|Any CPU
		{B17FF93E-F134-4A0A-B5C2-B0110598E704}.AppStore|ARM.ActiveCfg = Release|ARM
		{B17FF93E-F134-4A0A-B5C2-B0110598E704}.AppStore|ARM.Build.0 = Release|ARM
		{B17FF93E-F134-4A0A-B5C2-B0110598E704}.AppStore|ARM.Deploy.0 = Release|ARM
		{B17FF93E-F134-4A0A-B5C2-B0110598E704}.AppStore|iPhone.ActiveCfg = Release|Any CPU
		{B17FF93E-F134-4A0A-B5C2-B0110598E704}.AppStore|iPhoneSimulator.ActiveCfg = Release|Any CPU
		{B17FF93E-F134-4A0A-B5C2-B0110598E704}.AppStore|Mixed Platforms.ActiveCfg = Release|x86
		{B17FF93E-F134-4A0A-B5C2-B0110598E704}.AppStore|Mixed Platforms.Build.0 = Release|x86
		{B17FF93E-F134-4A0A-B5C2-B0110598E704}.AppStore|Mixed Platforms.Deploy.0 = Release|x86
		{B17FF93E-F134-4A0A-B5C2-B0110598E704}.AppStore|x86.ActiveCfg = Release|x86
		{B17FF93E-F134-4A0A-B5C2-B0110598E704}.AppStore|x86.Build.0 = Release|x86
		{B17FF93E-F134-4A0A-B5C2-B0110598E704}.AppStore|x86.Deploy.0 = Release|x86
		{B17FF93E-F134-4A0A-B5C2-B0110598E704}.Debug|Any CPU.ActiveCfg = Debug|Any CPU
		{B17FF93E-F134-4A0A-B5C2-B0110598E704}.Debug|Any CPU.Build.0 = Debug|Any CPU
		{B17FF93E-F134-4A0A-B5C2-B0110598E704}.Debug|Any CPU.Deploy.0 = Debug|Any CPU
		{B17FF93E-F134-4A0A-B5C2-B0110598E704}.Debug|ARM.ActiveCfg = Debug|ARM
		{B17FF93E-F134-4A0A-B5C2-B0110598E704}.Debug|ARM.Build.0 = Debug|ARM
		{B17FF93E-F134-4A0A-B5C2-B0110598E704}.Debug|ARM.Deploy.0 = Debug|ARM
		{B17FF93E-F134-4A0A-B5C2-B0110598E704}.Debug|iPhone.ActiveCfg = Debug|Any CPU
		{B17FF93E-F134-4A0A-B5C2-B0110598E704}.Debug|iPhoneSimulator.ActiveCfg = Debug|Any CPU
		{B17FF93E-F134-4A0A-B5C2-B0110598E704}.Debug|Mixed Platforms.ActiveCfg = Debug|x86
		{B17FF93E-F134-4A0A-B5C2-B0110598E704}.Debug|Mixed Platforms.Build.0 = Debug|x86
		{B17FF93E-F134-4A0A-B5C2-B0110598E704}.Debug|Mixed Platforms.Deploy.0 = Debug|x86
		{B17FF93E-F134-4A0A-B5C2-B0110598E704}.Debug|x86.ActiveCfg = Debug|x86
		{B17FF93E-F134-4A0A-B5C2-B0110598E704}.Debug|x86.Build.0 = Debug|x86
		{B17FF93E-F134-4A0A-B5C2-B0110598E704}.Debug|x86.Deploy.0 = Debug|x86
		{B17FF93E-F134-4A0A-B5C2-B0110598E704}.Release|Any CPU.ActiveCfg = Release|Any CPU
		{B17FF93E-F134-4A0A-B5C2-B0110598E704}.Release|Any CPU.Build.0 = Release|Any CPU
		{B17FF93E-F134-4A0A-B5C2-B0110598E704}.Release|Any CPU.Deploy.0 = Release|Any CPU
		{B17FF93E-F134-4A0A-B5C2-B0110598E704}.Release|ARM.ActiveCfg = Release|ARM
		{B17FF93E-F134-4A0A-B5C2-B0110598E704}.Release|ARM.Build.0 = Release|ARM
		{B17FF93E-F134-4A0A-B5C2-B0110598E704}.Release|ARM.Deploy.0 = Release|ARM
		{B17FF93E-F134-4A0A-B5C2-B0110598E704}.Release|iPhone.ActiveCfg = Release|Any CPU
		{B17FF93E-F134-4A0A-B5C2-B0110598E704}.Release|iPhoneSimulator.ActiveCfg = Release|Any CPU
		{B17FF93E-F134-4A0A-B5C2-B0110598E704}.Release|Mixed Platforms.ActiveCfg = Release|x86
		{B17FF93E-F134-4A0A-B5C2-B0110598E704}.Release|Mixed Platforms.Build.0 = Release|x86
		{B17FF93E-F134-4A0A-B5C2-B0110598E704}.Release|Mixed Platforms.Deploy.0 = Release|x86
		{B17FF93E-F134-4A0A-B5C2-B0110598E704}.Release|x86.ActiveCfg = Release|x86
		{B17FF93E-F134-4A0A-B5C2-B0110598E704}.Release|x86.Build.0 = Release|x86
		{B17FF93E-F134-4A0A-B5C2-B0110598E704}.Release|x86.Deploy.0 = Release|x86
	EndGlobalSection
	GlobalSection(SolutionProperties) = preSolution
		HideSolutionNode = FALSE
	EndGlobalSection
EndGlobal
